// !$*UTF8*$!
{
	archiveVersion = 1;
	classes = {
	};
	objectVersion = 46;
	objects = {

/* Begin PBXBuildFile section */
		9FB2A62E1BF3C0A7009ED8F3 /* AppDelegate.swift in Sources */ = {isa = PBXBuildFile; fileRef = 9FB2A62D1BF3C0A7009ED8F3 /* AppDelegate.swift */; };
		9FB2A6301BF3C0A7009ED8F3 /* FirstViewController.swift in Sources */ = {isa = PBXBuildFile; fileRef = 9FB2A62F1BF3C0A7009ED8F3 /* FirstViewController.swift */; };
		9FB2A6351BF3C0A7009ED8F3 /* Main.storyboard in Resources */ = {isa = PBXBuildFile; fileRef = 9FB2A6331BF3C0A7009ED8F3 /* Main.storyboard */; };
		9FB2A6371BF3C0A7009ED8F3 /* Assets.xcassets in Resources */ = {isa = PBXBuildFile; fileRef = 9FB2A6361BF3C0A7009ED8F3 /* Assets.xcassets */; };
		9FB2A63A1BF3C0A7009ED8F3 /* LaunchScreen.storyboard in Resources */ = {isa = PBXBuildFile; fileRef = 9FB2A6381BF3C0A7009ED8F3 /* LaunchScreen.storyboard */; };
		9FB2A6421BF3C682009ED8F3 /* TableViewController.swift in Sources */ = {isa = PBXBuildFile; fileRef = 9FB2A6411BF3C682009ED8F3 /* TableViewController.swift */; };
/* End PBXBuildFile section */

/* Begin PBXFileReference section */
		9FB2A62A1BF3C0A7009ED8F3 /* Appkveld2.app */ = {isa = PBXFileReference; explicitFileType = wrapper.application; includeInIndex = 0; path = Appkveld2.app; sourceTree = BUILT_PRODUCTS_DIR; };
		9FB2A62D1BF3C0A7009ED8F3 /* AppDelegate.swift */ = {isa = PBXFileReference; lastKnownFileType = sourcecode.swift; path = AppDelegate.swift; sourceTree = "<group>"; };
		9FB2A62F1BF3C0A7009ED8F3 /* FirstViewController.swift */ = {isa = PBXFileReference; lastKnownFileType = sourcecode.swift; path = FirstViewController.swift; sourceTree = "<group>"; };
		9FB2A6341BF3C0A7009ED8F3 /* Base */ = {isa = PBXFileReference; lastKnownFileType = file.storyboard; name = Base; path = Base.lproj/Main.storyboard; sourceTree = "<group>"; };
		9FB2A6361BF3C0A7009ED8F3 /* Assets.xcassets */ = {isa = PBXFileReference; lastKnownFileType = folder.assetcatalog; path = Assets.xcassets; sourceTree = "<group>"; };
		9FB2A6391BF3C0A7009ED8F3 /* Base */ = {isa = PBXFileReference; lastKnownFileType = file.storyboard; name = Base; path = Base.lproj/LaunchScreen.storyboard; sourceTree = "<group>"; };
		9FB2A63B1BF3C0A7009ED8F3 /* Info.plist */ = {isa = PBXFileReference; lastKnownFileType = text.plist.xml; path = Info.plist; sourceTree = "<group>"; };
		9FB2A6411BF3C682009ED8F3 /* TableViewController.swift */ = {isa = PBXFileReference; fileEncoding = 4; lastKnownFileType = sourcecode.swift; path = TableViewController.swift; sourceTree = "<group>"; };
/* End PBXFileReference section */

/* Begin PBXFrameworksBuildPhase section */
		9FB2A6271BF3C0A7009ED8F3 /* Frameworks */ = {
			isa = PBXFrameworksBuildPhase;
			buildActionMask = 2147483647;
			files = (
			);
			runOnlyForDeploymentPostprocessing = 0;
		};
/* End PBXFrameworksBuildPhase section */

/* Begin PBXGroup section */
		9FB2A6211BF3C0A7009ED8F3 = {
			isa = PBXGroup;
			children = (
				9FB2A62C1BF3C0A7009ED8F3 /* Appkveld2 */,
				9FB2A62B1BF3C0A7009ED8F3 /* Products */,
			);
			sourceTree = "<group>";
		};
		9FB2A62B1BF3C0A7009ED8F3 /* Products */ = {
			isa = PBXGroup;
			children = (
				9FB2A62A1BF3C0A7009ED8F3 /* Appkveld2.app */,
			);
			name = Products;
			sourceTree = "<group>";
		};
		9FB2A62C1BF3C0A7009ED8F3 /* Appkveld2 */ = {
			isa = PBXGroup;
			children = (
				9FB2A62D1BF3C0A7009ED8F3 /* AppDelegate.swift */,
				9FB2A62F1BF3C0A7009ED8F3 /* FirstViewController.swift */,
				9FB2A6411BF3C682009ED8F3 /* TableViewController.swift */,
				9FB2A6331BF3C0A7009ED8F3 /* Main.storyboard */,
				9FB2A6361BF3C0A7009ED8F3 /* Assets.xcassets */,
				9FB2A6381BF3C0A7009ED8F3 /* LaunchScreen.storyboard */,
				9FB2A63B1BF3C0A7009ED8F3 /* Info.plist */,
			);
			path = Appkveld2;
			sourceTree = "<group>";
		};
/* End PBXGroup section */

/* Begin PBXNativeTarget section */
		9FB2A6291BF3C0A7009ED8F3 /* Appkveld2 */ = {
			isa = PBXNativeTarget;
			buildConfigurationList = 9FB2A63E1BF3C0A7009ED8F3 /* Build configuration list for PBXNativeTarget "Appkveld2" */;
			buildPhases = (
				9FB2A6261BF3C0A7009ED8F3 /* Sources */,
				9FB2A6271BF3C0A7009ED8F3 /* Frameworks */,
				9FB2A6281BF3C0A7009ED8F3 /* Resources */,
			);
			buildRules = (
			);
			dependencies = (
			);
			name = Appkveld2;
			productName = Appkveld2;
			productReference = 9FB2A62A1BF3C0A7009ED8F3 /* Appkveld2.app */;
			productType = "com.apple.product-type.application";
		};
/* End PBXNativeTarget section */

/* Begin PBXProject section */
		9FB2A6221BF3C0A7009ED8F3 /* Project object */ = {
			isa = PBXProject;
			attributes = {
				LastSwiftUpdateCheck = 0710;
				LastUpgradeCheck = 0710;
				ORGANIZATIONNAME = "Gaute Solheim";
				TargetAttributes = {
					9FB2A6291BF3C0A7009ED8F3 = {
						CreatedOnToolsVersion = 7.1;
					};
				};
			};
			buildConfigurationList = 9FB2A6251BF3C0A7009ED8F3 /* Build configuration list for PBXProject "Appkveld2" */;
			compatibilityVersion = "Xcode 3.2";
			developmentRegion = English;
			hasScannedForEncodings = 0;
			knownRegions = (
				en,
				Base,
			);
			mainGroup = 9FB2A6211BF3C0A7009ED8F3;
			productRefGroup = 9FB2A62B1BF3C0A7009ED8F3 /* Products */;
			projectDirPath = "";
			projectRoot = "";
			targets = (
				9FB2A6291BF3C0A7009ED8F3 /* Appkveld2 */,
			);
		};
/* End PBXProject section */

/* Begin PBXResourcesBuildPhase section */
		9FB2A6281BF3C0A7009ED8F3 /* Resources */ = {
			isa = PBXResourcesBuildPhase;
			buildActionMask = 2147483647;
			files = (
				9FB2A63A1BF3C0A7009ED8F3 /* LaunchScreen.storyboard in Resources */,
				9FB2A6371BF3C0A7009ED8F3 /* Assets.xcassets in Resources */,
				9FB2A6351BF3C0A7009ED8F3 /* Main.storyboard in Resources */,
			);
			runOnlyForDeploymentPostprocessing = 0;
		};
/* End PBXResourcesBuildPhase section */

/* Begin PBXSourcesBuildPhase section */
		9FB2A6261BF3C0A7009ED8F3 /* Sources */ = {
			isa = PBXSourcesBuildPhase;
			buildActionMask = 2147483647;
			files = (
				9FB2A62E1BF3C0A7009ED8F3 /* AppDelegate.swift in Sources */,
				9FB2A6421BF3C682009ED8F3 /* TableViewController.swift in Sources */,
				9FB2A6301BF3C0A7009ED8F3 /* FirstViewController.swift in Sources */,
			);
			runOnlyForDeploymentPostprocessing = 0;
		};
/* End PBXSourcesBuildPhase section */

/* Begin PBXVariantGroup section */
		9FB2A6331BF3C0A7009ED8F3 /* Main.storyboard */ = {
			isa = PBXVariantGroup;
			children = (
				9FB2A6341BF3C0A7009ED8F3 /* Base */,
			);
			name = Main.storyboard;
			sourceTree = "<group>";
		};
		9FB2A6381BF3C0A7009ED8F3 /* LaunchScreen.storyboard */ = {
			isa = PBXVariantGroup;
			children = (
				9FB2A6391BF3C0A7009ED8F3 /* Base */,
			);
			name = LaunchScreen.storyboard;
			sourceTree = "<group>";
		};
/* End PBXVariantGroup section */

/* Begin XCBuildConfiguration section */
		9FB2A63C1BF3C0A7009ED8F3 /* Debug */ = {
			isa = XCBuildConfiguration;
			buildSettings = {
				ALWAYS_SEARCH_USER_PATHS = NO;
				CLANG_CXX_LANGUAGE_STANDARD = "gnu++0x";
				CLANG_CXX_LIBRARY = "libc++";
				CLANG_ENABLE_MODULES = YES;
				CLANG_ENABLE_OBJC_ARC = YES;
				CLANG_WARN_BOOL_CONVERSION = YES;
				CLANG_WARN_CONSTANT_CONVERSION = YES;
				CLANG_WARN_DIRECT_OBJC_ISA_USAGE = YES_ERROR;
				CLANG_WARN_EMPTY_BODY = YES;
				CLANG_WARN_ENUM_CONVERSION = YES;
				CLANG_WARN_INT_CONVERSION = YES;
				CLANG_WARN_OBJC_ROOT_CLASS = YES_ERROR;
				CLANG_WARN_UNREACHABLE_CODE = YES;
				CLANG_WARN__DUPLICATE_METHOD_MATCH = YES;
				"CODE_SIGN_IDENTITY[sdk=iphoneos*]" = "iPhone Developer";
				COPY_PHASE_STRIP = NO;
				DEBUG_INFORMATION_FORMAT = dwarf;
				ENABLE_STRICT_OBJC_MSGSEND = YES;
				ENABLE_TESTABILITY = YES;
				GCC_C_LANGUAGE_STANDARD = gnu99;
				GCC_DYNAMIC_NO_PIC = NO;
				GCC_NO_COMMON_BLOCKS = YES;
				GCC_OPTIMIZATION_LEVEL = 0;
				GCC_PREPROCESSOR_DEFINITIONS = (
					"DEBUG=1",
					"$(inherited)",
				);
				GCC_WARN_64_TO_32_BIT_CONVERSION = YES;
				GCC_WARN_ABOUT_RETURN_TYPE = YES_ERROR;
				GCC_WARN_UNDECLARED_SELECTOR = YES;
				GCC_WARN_UNINITIALIZED_AUTOS = YES_AGGRESSIVE;
				GCC_WARN_UNUSED_FUNCTION = YES;
				GCC_WARN_UNUSED_VARIABLE = YES;
				IPHONEOS_DEPLOYMENT_TARGET = 9.1;
				MTL_ENABLE_DEBUG_INFO = YES;
				ONLY_ACTIVE_ARCH = YES;
				SDKROOT = iphoneos;
				SWIFT_OPTIMIZATION_LEVEL = "-Onone";
				TARGETED_DEVICE_FAMILY = "1,2";
			};
			name = Debug;
		};
		9FB2A63D1BF3C0A7009ED8F3 /* Release */ = {
			isa = XCBuildConfiguration;
			buildSettings = {
				ALWAYS_SEARCH_USER_PATHS = NO;
				CLANG_CXX_LANGUAGE_STANDARD = "gnu++0x";
				CLANG_CXX_LIBRARY = "libc++";
				CLANG_ENABLE_MODULES = YES;
				CLANG_ENABLE_OBJC_ARC = YES;
				CLANG_WARN_BOOL_CONVERSION = YES;
				CLANG_WARN_CONSTANT_CONVERSION = YES;
				CLANG_WARN_DIRECT_OBJC_ISA_USAGE = YES_ERROR;
				CLANG_WARN_EMPTY_BODY = YES;
				CLANG_WARN_ENUM_CONVERSION = YES;
				CLANG_WARN_INT_CONVERSION = YES;
				CLANG_WARN_OBJC_ROOT_CLASS = YES_ERROR;
				CLANG_WARN_UNREACHABLE_CODE = YES;
				CLANG_WARN__DUPLICATE_METHOD_MATCH = YES;
				"CODE_SIGN_IDENTITY[sdk=iphoneos*]" = "iPhone Developer";
				COPY_PHASE_STRIP = NO;
				DEBUG_INFORMATION_FORMAT = "dwarf-with-dsym";
				ENABLE_NS_ASSERTIONS = NO;
				ENABLE_STRICT_OBJC_MSGSEND = YES;
				GCC_C_LANGUAGE_STANDARD = gnu99;
				GCC_NO_COMMON_BLOCKS = YES;
				GCC_WARN_64_TO_32_BIT_CONVERSION = YES;
				GCC_WARN_ABOUT_RETURN_TYPE = YES_ERROR;
				GCC_WARN_UNDECLARED_SELECTOR = YES;
				GCC_WARN_UNINITIALIZED_AUTOS = YES_AGGRESSIVE;
				GCC_WARN_UNUSED_FUNCTION = YES;
				GCC_WARN_UNUSED_VARIABLE = YES;
				IPHONEOS_DEPLOYMENT_TARGET = 9.1;
				MTL_ENABLE_DEBUG_INFO = NO;
				SDKROOT = iphoneos;
				TARGETED_DEVICE_FAMILY = "1,2";
				VALIDATE_PRODUCT = YES;
			};
			name = Release;
		};
		9FB2A63F1BF3C0A7009ED8F3 /* Debug */ = {
			isa = XCBuildConfiguration;
			buildSettings = {
				ASSETCATALOG_COMPILER_APPICON_NAME = AppIcon;
				INFOPLIST_FILE = Appkveld2/Info.plist;
				IPHONEOS_DEPLOYMENT_TARGET = 8.0;
				LD_RUNPATH_SEARCH_PATHS = "$(inherited) @executable_path/Frameworks";
				PRODUCT_BUNDLE_IDENTIFIER = com.gautesolheim.Appkveld2;
				PRODUCT_NAME = "$(TARGET_NAME)";
			};
			name = Debug;
		};
		9FB2A6401BF3C0A7009ED8F3 /* Release */ = {
			isa = XCBuildConfiguration;
			buildSettings = {
				ASSETCATALOG_COMPILER_APPICON_NAME = AppIcon;
				INFOPLIST_FILE = Appkveld2/Info.plist;
				IPHONEOS_DEPLOYMENT_TARGET = 8.0;
				LD_RUNPATH_SEARCH_PATHS = "$(inherited) @executable_path/Frameworks";
				PRODUCT_BUNDLE_IDENTIFIER = com.gautesolheim.Appkveld2;
				PRODUCT_NAME = "$(TARGET_NAME)";
			};
			name = Release;
		};
/* End XCBuildConfiguration section */

/* Begin XCConfigurationList section */
		9FB2A6251BF3C0A7009ED8F3 /* Build configuration list for PBXProject "Appkveld2" */ = {
			isa = XCConfigurationList;
			buildConfigurations = (
				9FB2A63C1BF3C0A7009ED8F3 /* Debug */,
				9FB2A63D1BF3C0A7009ED8F3 /* Release */,
			);
			defaultConfigurationIsVisible = 0;
			defaultConfigurationName = Release;
		};
		9FB2A63E1BF3C0A7009ED8F3 /* Build configuration list for PBXNativeTarget "Appkveld2" */ = {
			isa = XCConfigurationList;
			buildConfigurations = (
				9FB2A63F1BF3C0A7009ED8F3 /* Debug */,
				9FB2A6401BF3C0A7009ED8F3 /* Release */,
			);
			defaultConfigurationIsVisible = 0;
		};
/* End XCConfigurationList section */
	};
	rootObject = 9FB2A6221BF3C0A7009ED8F3 /* Project object */;
}
